
Microsoft Visual Studio Solution File, Format Version 12.00
# Visual Studio Version 17
VisualStudioVersion = 17.0.31903.59
MinimumVisualStudioVersion = 10.0.40219.1
Project("{2150E333-8FDC-42A3-9474-1A3956D46DE8}") = "src", "src", "{2E3A5E52-06B4-43D5-B8C4-860508BC3958}"
EndProject
Project("{FAE04EC0-301F-11D3-BF4B-00C04F79EFBC}") = "Bookify.Domain", "src\Bookify.Domain\Bookify.Domain.csproj", "{7AD305B3-4A74-4F33-9348-A01027678882}"
EndProject
Project("{FAE04EC0-301F-11D3-BF4B-00C04F79EFBC}") = "Bookify.Application", "src\Bookify.Application\Bookify.Application.csproj", "{651F06FD-1CED-434C-8F64-B0216241FB6C}"
EndProject
Project("{FAE04EC0-301F-11D3-BF4B-00C04F79EFBC}") = "Bookify.Infrastructure", "src\Bookify.Infrastructure\Bookify.Infrastructure.csproj", "{08E17B16-2F67-4FBB-8500-CB1CDDE0BEC0}"
EndProject
Project("{FAE04EC0-301F-11D3-BF4B-00C04F79EFBC}") = "Bookify.Api", "src\Bookify.Api\Bookify.Api.csproj", "{A8CA0039-6940-44A8-93EE-3CF41F9E8D8E}"
EndProject
Project("{E53339B2-1760-4266-BCC7-CA923CBCF16C}") = "docker-compose", "docker-compose.dcproj", "{3DB25AFE-1C43-4CA5-92BB-575C34474FF0}"
EndProject
Global
	GlobalSection(SolutionConfigurationPlatforms) = preSolution
		Debug|Any CPU = Debug|Any CPU
		Release|Any CPU = Release|Any CPU
	EndGlobalSection
	GlobalSection(ProjectConfigurationPlatforms) = postSolution
		{7AD305B3-4A74-4F33-9348-A01027678882}.Debug|Any CPU.ActiveCfg = Debug|Any CPU
		{7AD305B3-4A74-4F33-9348-A01027678882}.Debug|Any CPU.Build.0 = Debug|Any CPU
		{7AD305B3-4A74-4F33-9348-A01027678882}.Release|Any CPU.ActiveCfg = Release|Any CPU
		{7AD305B3-4A74-4F33-9348-A01027678882}.Release|Any CPU.Build.0 = Release|Any CPU
		{651F06FD-1CED-434C-8F64-B0216241FB6C}.Debug|Any CPU.ActiveCfg = Debug|Any CPU
		{651F06FD-1CED-434C-8F64-B0216241FB6C}.Debug|Any CPU.Build.0 = Debug|Any CPU
		{651F06FD-1CED-434C-8F64-B0216241FB6C}.Release|Any CPU.ActiveCfg = Release|Any CPU
		{651F06FD-1CED-434C-8F64-B0216241FB6C}.Release|Any CPU.Build.0 = Release|Any CPU
		{08E17B16-2F67-4FBB-8500-CB1CDDE0BEC0}.Debug|Any CPU.ActiveCfg = Debug|Any CPU
		{08E17B16-2F67-4FBB-8500-CB1CDDE0BEC0}.Debug|Any CPU.Build.0 = Debug|Any CPU
		{08E17B16-2F67-4FBB-8500-CB1CDDE0BEC0}.Release|Any CPU.ActiveCfg = Release|Any CPU
		{08E17B16-2F67-4FBB-8500-CB1CDDE0BEC0}.Release|Any CPU.Build.0 = Release|Any CPU
		{A8CA0039-6940-44A8-93EE-3CF41F9E8D8E}.Debug|Any CPU.ActiveCfg = Debug|Any CPU
		{A8CA0039-6940-44A8-93EE-3CF41F9E8D8E}.Debug|Any CPU.Build.0 = Debug|Any CPU
		{A8CA0039-6940-44A8-93EE-3CF41F9E8D8E}.Release|Any CPU.ActiveCfg = Release|Any CPU
		{A8CA0039-6940-44A8-93EE-3CF41F9E8D8E}.Release|Any CPU.Build.0 = Release|Any CPU
		{3DB25AFE-1C43-4CA5-92BB-575C34474FF0}.Debug|Any CPU.ActiveCfg = Debug|Any CPU
		{3DB25AFE-1C43-4CA5-92BB-575C34474FF0}.Debug|Any CPU.Build.0 = Debug|Any CPU
		{3DB25AFE-1C43-4CA5-92BB-575C34474FF0}.Release|Any CPU.ActiveCfg = Release|Any CPU
		{3DB25AFE-1C43-4CA5-92BB-575C34474FF0}.Release|Any CPU.Build.0 = Release|Any CPU
	EndGlobalSection
	GlobalSection(SolutionProperties) = preSolution
		HideSolutionNode = FALSE
	EndGlobalSection
	GlobalSection(NestedProjects) = preSolution
		{7AD305B3-4A74-4F33-9348-A01027678882} = {2E3A5E52-06B4-43D5-B8C4-860508BC3958}
		{651F06FD-1CED-434C-8F64-B0216241FB6C} = {2E3A5E52-06B4-43D5-B8C4-860508BC3958}
		{08E17B16-2F67-4FBB-8500-CB1CDDE0BEC0} = {2E3A5E52-06B4-43D5-B8C4-860508BC3958}
		{A8CA0039-6940-44A8-93EE-3CF41F9E8D8E} = {2E3A5E52-06B4-43D5-B8C4-860508BC3958}
	EndGlobalSection
EndGlobal
